
Microsoft Visual Studio Solution File, Format Version 12.00
# Visual Studio Version 16
VisualStudioVersion = 16.0.30621.155
MinimumVisualStudioVersion = 10.0.40219.1
Project("{00D1A9C2-B5F0-4AF3-8072-F6C62B433612}") = "Milestone2", "Milestone2.sqlproj", "{AAAE9540-91A8-4566-B65C-3C22908F506E}"
EndProject
Global
	GlobalSection(SolutionConfigurationPlatforms) = preSolution
		Debug|Any CPU = Debug|Any CPU
		Release|Any CPU = Release|Any CPU
	EndGlobalSection
	GlobalSection(ProjectConfigurationPlatforms) = postSolution
		{AAAE9540-91A8-4566-B65C-3C22908F506E}.Debug|Any CPU.ActiveCfg = Debug|Any CPU
		{AAAE9540-91A8-4566-B65C-3C22908F506E}.Debug|Any CPU.Build.0 = Debug|Any CPU
		{AAAE9540-91A8-4566-B65C-3C22908F506E}.Debug|Any CPU.Deploy.0 = Debug|Any CPU
		{AAAE9540-91A8-4566-B65C-3C22908F506E}.Release|Any CPU.ActiveCfg = Release|Any CPU
		{AAAE9540-91A8-4566-B65C-3C22908F506E}.Release|Any CPU.Build.0 = Release|Any CPU
		{AAAE9540-91A8-4566-B65C-3C22908F506E}.Release|Any CPU.Deploy.0 = Release|Any CPU
	EndGlobalSection
	GlobalSection(SolutionProperties) = preSolution
		HideSolutionNode = FALSE
	EndGlobalSection
	GlobalSection(ExtensibilityGlobals) = postSolution
		SolutionGuid = {0A167509-3E89-461A-A740-F916D42A6A0F}
	EndGlobalSection
EndGlobal
